
Microsoft Visual Studio Solution File, Format Version 12.00
# Visual Studio 2013
VisualStudioVersion = 12.0.30501.0
MinimumVisualStudioVersion = 10.0.40219.1
Project("{FAE04EC0-301F-11D3-BF4B-00C04F79EFBC}") = "Articles.Models", "Articles.Models\Articles.Models.csproj", "{E1F82E32-593E-4050-A943-50AE29513745}"
EndProject
Project("{FAE04EC0-301F-11D3-BF4B-00C04F79EFBC}") = "Articles.Data", "Articles.Data\Articles.Data.csproj", "{15291979-4D0F-4EA5-8356-ADF724E9BF91}"
EndProject
Project("{FAE04EC0-301F-11D3-BF4B-00C04F79EFBC}") = "Articles.WebAPI", "Articles.WebAPI\Articles.WebAPI.csproj", "{203030DE-5FBF-47C6-A1D3-A37997F58B57}"
EndProject
Project("{FAE04EC0-301F-11D3-BF4B-00C04F79EFBC}") = "Articles.WCF", "Articles.WCF\Articles.WCF.csproj", "{BA9FC1C2-C7A7-44B6-8C08-84BEC099D044}"
EndProject
Project("{FAE04EC0-301F-11D3-BF4B-00C04F79EFBC}") = "Acticles.Test", "Acticles.Test\Acticles.Test.csproj", "{6F5019F0-AC78-4AA3-B037-952CD12D736E}"
EndProject
Global
	GlobalSection(SolutionConfigurationPlatforms) = preSolution
		Debug|Any CPU = Debug|Any CPU
		Release|Any CPU = Release|Any CPU
	EndGlobalSection
	GlobalSection(ProjectConfigurationPlatforms) = postSolution
		{E1F82E32-593E-4050-A943-50AE29513745}.Debug|Any CPU.ActiveCfg = Debug|Any CPU
		{E1F82E32-593E-4050-A943-50AE29513745}.Debug|Any CPU.Build.0 = Debug|Any CPU
		{E1F82E32-593E-4050-A943-50AE29513745}.Release|Any CPU.ActiveCfg = Release|Any CPU
		{E1F82E32-593E-4050-A943-50AE29513745}.Release|Any CPU.Build.0 = Release|Any CPU
		{15291979-4D0F-4EA5-8356-ADF724E9BF91}.Debug|Any CPU.ActiveCfg = Debug|Any CPU
		{15291979-4D0F-4EA5-8356-ADF724E9BF91}.Debug|Any CPU.Build.0 = Debug|Any CPU
		{15291979-4D0F-4EA5-8356-ADF724E9BF91}.Release|Any CPU.ActiveCfg = Release|Any CPU
		{15291979-4D0F-4EA5-8356-ADF724E9BF91}.Release|Any CPU.Build.0 = Release|Any CPU
		{203030DE-5FBF-47C6-A1D3-A37997F58B57}.Debug|Any CPU.ActiveCfg = Debug|Any CPU
		{203030DE-5FBF-47C6-A1D3-A37997F58B57}.Debug|Any CPU.Build.0 = Debug|Any CPU
		{203030DE-5FBF-47C6-A1D3-A37997F58B57}.Release|Any CPU.ActiveCfg = Release|Any CPU
		{203030DE-5FBF-47C6-A1D3-A37997F58B57}.Release|Any CPU.Build.0 = Release|Any CPU
		{BA9FC1C2-C7A7-44B6-8C08-84BEC099D044}.Debug|Any CPU.ActiveCfg = Debug|Any CPU
		{BA9FC1C2-C7A7-44B6-8C08-84BEC099D044}.Debug|Any CPU.Build.0 = Debug|Any CPU
		{BA9FC1C2-C7A7-44B6-8C08-84BEC099D044}.Release|Any CPU.ActiveCfg = Release|Any CPU
		{BA9FC1C2-C7A7-44B6-8C08-84BEC099D044}.Release|Any CPU.Build.0 = Release|Any CPU
		{6F5019F0-AC78-4AA3-B037-952CD12D736E}.Debug|Any CPU.ActiveCfg = Debug|Any CPU
		{6F5019F0-AC78-4AA3-B037-952CD12D736E}.Debug|Any CPU.Build.0 = Debug|Any CPU
		{6F5019F0-AC78-4AA3-B037-952CD12D736E}.Release|Any CPU.ActiveCfg = Release|Any CPU
		{6F5019F0-AC78-4AA3-B037-952CD12D736E}.Release|Any CPU.Build.0 = Release|Any CPU
	EndGlobalSection
	GlobalSection(SolutionProperties) = preSolution
		HideSolutionNode = FALSE
	EndGlobalSection
EndGlobal
